
Microsoft Visual Studio Solution File, Format Version 12.00
# Visual Studio Version 17
VisualStudioVersion = 17.11.35222.181
MinimumVisualStudioVersion = 10.0.40219.1
Project("{FAE04EC0-301F-11D3-BF4B-00C04F79EFBC}") = "CRUD", "CRUD\CRUD.csproj", "{FBC17B57-7B7C-4A3B-AB9E-BC2848D6A6C3}"
EndProject
Global
	GlobalSection(SolutionConfigurationPlatforms) = preSolution
		Debug|Any CPU = Debug|Any CPU
		Release|Any CPU = Release|Any CPU
	EndGlobalSection
	GlobalSection(ProjectConfigurationPlatforms) = postSolution
		{FBC17B57-7B7C-4A3B-AB9E-BC2848D6A6C3}.Debug|Any CPU.ActiveCfg = Debug|Any CPU
		{FBC17B57-7B7C-4A3B-AB9E-BC2848D6A6C3}.Debug|Any CPU.Build.0 = Debug|Any CPU
		{FBC17B57-7B7C-4A3B-AB9E-BC2848D6A6C3}.Debug|Any CPU.Deploy.0 = Debug|Any CPU
		{FBC17B57-7B7C-4A3B-AB9E-BC2848D6A6C3}.Release|Any CPU.ActiveCfg = Release|Any CPU
		{FBC17B57-7B7C-4A3B-AB9E-BC2848D6A6C3}.Release|Any CPU.Build.0 = Release|Any CPU
		{FBC17B57-7B7C-4A3B-AB9E-BC2848D6A6C3}.Release|Any CPU.Deploy.0 = Release|Any CPU
	EndGlobalSection
	GlobalSection(SolutionProperties) = preSolution
		HideSolutionNode = FALSE
	EndGlobalSection
	GlobalSection(ExtensibilityGlobals) = postSolution
		SolutionGuid = {85EBF798-4F0A-404D-81B6-B2993A1373F1}
	EndGlobalSection
EndGlobal
